# This file is autogenerated, do not edit; changes may be undone by the next 'dep ensure'.


[[projects]]
  branch = "master"
  digest = "1:367987accf2bc81d8014bed7069fabc2c903474f00cc51c1d3975463b936291b"
  name = "github.com/andersonlira/goutils"
  packages = ["io"]
  pruneopts = "UT"
  revision = "72e54fc4b33c37b8d3c4bc06c40083b009facf5e"

[solve-meta]
  analyzer-name = "dep"
  analyzer-version = 1
  input-imports = ["github.com/andersonlira/goutils/io"]
  solver-name = "gps-cdcl"
  solver-version = 1
